
Microsoft Visual Studio Solution File, Format Version 12.00
# Visual Studio Version 17
VisualStudioVersion = 17.1.32228.430
MinimumVisualStudioVersion = 10.0.40219.1
Project("{FAE04EC0-301F-11D3-BF4B-00C04F79EFBC}") = "Condicoes", "Condicoes\Condicoes.csproj", "{EC7AF820-B93F-427F-A586-46B506B0C918}"
EndProject
Global
	GlobalSection(SolutionConfigurationPlatforms) = preSolution
		Debug|Any CPU = Debug|Any CPU
		Release|Any CPU = Release|Any CPU
	EndGlobalSection
	GlobalSection(ProjectConfigurationPlatforms) = postSolution
		{EC7AF820-B93F-427F-A586-46B506B0C918}.Debug|Any CPU.ActiveCfg = Debug|Any CPU
		{EC7AF820-B93F-427F-A586-46B506B0C918}.Debug|Any CPU.Build.0 = Debug|Any CPU
		{EC7AF820-B93F-427F-A586-46B506B0C918}.Release|Any CPU.ActiveCfg = Release|Any CPU
		{EC7AF820-B93F-427F-A586-46B506B0C918}.Release|Any CPU.Build.0 = Release|Any CPU
	EndGlobalSection
	GlobalSection(SolutionProperties) = preSolution
		HideSolutionNode = FALSE
	EndGlobalSection
	GlobalSection(ExtensibilityGlobals) = postSolution
		SolutionGuid = {CC78D7D7-D578-4998-ADD6-0C4216AB2488}
	EndGlobalSection
EndGlobal
