
Microsoft Visual Studio Solution File, Format Version 12.00
# Visual Studio Version 17
VisualStudioVersion = 17.1.32228.430
MinimumVisualStudioVersion = 10.0.40219.1
Project("{FAE04EC0-301F-11D3-BF4B-00C04F79EFBC}") = "Ex014", "Ex014\Ex014.csproj", "{7D760B12-6BC0-4748-99C9-73B953305639}"
EndProject
Global
	GlobalSection(SolutionConfigurationPlatforms) = preSolution
		Debug|Any CPU = Debug|Any CPU
		Release|Any CPU = Release|Any CPU
	EndGlobalSection
	GlobalSection(ProjectConfigurationPlatforms) = postSolution
		{7D760B12-6BC0-4748-99C9-73B953305639}.Debug|Any CPU.ActiveCfg = Debug|Any CPU
		{7D760B12-6BC0-4748-99C9-73B953305639}.Debug|Any CPU.Build.0 = Debug|Any CPU
		{7D760B12-6BC0-4748-99C9-73B953305639}.Release|Any CPU.ActiveCfg = Release|Any CPU
		{7D760B12-6BC0-4748-99C9-73B953305639}.Release|Any CPU.Build.0 = Release|Any CPU
	EndGlobalSection
	GlobalSection(SolutionProperties) = preSolution
		HideSolutionNode = FALSE
	EndGlobalSection
	GlobalSection(ExtensibilityGlobals) = postSolution
		SolutionGuid = {BFAD3352-379E-4AC6-A7CA-0F962AF7271E}
	EndGlobalSection
EndGlobal
