
Microsoft Visual Studio Solution File, Format Version 12.00
# Visual Studio Version 17
VisualStudioVersion = 17.1.32228.430
MinimumVisualStudioVersion = 10.0.40219.1
Project("{FAE04EC0-301F-11D3-BF4B-00C04F79EFBC}") = "Ex009", "Ex009\Ex009.csproj", "{757780F9-BE92-4342-B38D-F7B53F91EE4B}"
EndProject
Global
	GlobalSection(SolutionConfigurationPlatforms) = preSolution
		Debug|Any CPU = Debug|Any CPU
		Release|Any CPU = Release|Any CPU
	EndGlobalSection
	GlobalSection(ProjectConfigurationPlatforms) = postSolution
		{757780F9-BE92-4342-B38D-F7B53F91EE4B}.Debug|Any CPU.ActiveCfg = Debug|Any CPU
		{757780F9-BE92-4342-B38D-F7B53F91EE4B}.Debug|Any CPU.Build.0 = Debug|Any CPU
		{757780F9-BE92-4342-B38D-F7B53F91EE4B}.Release|Any CPU.ActiveCfg = Release|Any CPU
		{757780F9-BE92-4342-B38D-F7B53F91EE4B}.Release|Any CPU.Build.0 = Release|Any CPU
	EndGlobalSection
	GlobalSection(SolutionProperties) = preSolution
		HideSolutionNode = FALSE
	EndGlobalSection
	GlobalSection(ExtensibilityGlobals) = postSolution
		SolutionGuid = {A728ECA3-2DC0-4D8B-B611-53BE0784CA59}
	EndGlobalSection
EndGlobal
