
Microsoft Visual Studio Solution File, Format Version 12.00
# Visual Studio Version 17
VisualStudioVersion = 17.1.32228.430
MinimumVisualStudioVersion = 10.0.40219.1
Project("{FAE04EC0-301F-11D3-BF4B-00C04F79EFBC}") = "Ex008", "Ex008\Ex008.csproj", "{C8AD2792-DDF4-479E-8393-F8376A9CB272}"
EndProject
Global
	GlobalSection(SolutionConfigurationPlatforms) = preSolution
		Debug|Any CPU = Debug|Any CPU
		Release|Any CPU = Release|Any CPU
	EndGlobalSection
	GlobalSection(ProjectConfigurationPlatforms) = postSolution
		{C8AD2792-DDF4-479E-8393-F8376A9CB272}.Debug|Any CPU.ActiveCfg = Debug|Any CPU
		{C8AD2792-DDF4-479E-8393-F8376A9CB272}.Debug|Any CPU.Build.0 = Debug|Any CPU
		{C8AD2792-DDF4-479E-8393-F8376A9CB272}.Release|Any CPU.ActiveCfg = Release|Any CPU
		{C8AD2792-DDF4-479E-8393-F8376A9CB272}.Release|Any CPU.Build.0 = Release|Any CPU
	EndGlobalSection
	GlobalSection(SolutionProperties) = preSolution
		HideSolutionNode = FALSE
	EndGlobalSection
	GlobalSection(ExtensibilityGlobals) = postSolution
		SolutionGuid = {2443DC0E-FC45-426F-BDC0-AA6A667A2718}
	EndGlobalSection
EndGlobal
