
Microsoft Visual Studio Solution File, Format Version 12.00
# Visual Studio Version 17
VisualStudioVersion = 17.1.32228.430
MinimumVisualStudioVersion = 10.0.40219.1
Project("{FAE04EC0-301F-11D3-BF4B-00C04F79EFBC}") = "ExercicioArray05", "ExercicioArray05\ExercicioArray05.csproj", "{F9B8A2B3-C1E3-4319-98B4-5CA93627AC41}"
EndProject
Global
	GlobalSection(SolutionConfigurationPlatforms) = preSolution
		Debug|Any CPU = Debug|Any CPU
		Release|Any CPU = Release|Any CPU
	EndGlobalSection
	GlobalSection(ProjectConfigurationPlatforms) = postSolution
		{F9B8A2B3-C1E3-4319-98B4-5CA93627AC41}.Debug|Any CPU.ActiveCfg = Debug|Any CPU
		{F9B8A2B3-C1E3-4319-98B4-5CA93627AC41}.Debug|Any CPU.Build.0 = Debug|Any CPU
		{F9B8A2B3-C1E3-4319-98B4-5CA93627AC41}.Release|Any CPU.ActiveCfg = Release|Any CPU
		{F9B8A2B3-C1E3-4319-98B4-5CA93627AC41}.Release|Any CPU.Build.0 = Release|Any CPU
	EndGlobalSection
	GlobalSection(SolutionProperties) = preSolution
		HideSolutionNode = FALSE
	EndGlobalSection
	GlobalSection(ExtensibilityGlobals) = postSolution
		SolutionGuid = {85D48B00-1E37-4829-BCA1-39C99A3FB83C}
	EndGlobalSection
EndGlobal
