
Microsoft Visual Studio Solution File, Format Version 12.00
# Visual Studio Version 17
VisualStudioVersion = 17.1.32228.430
MinimumVisualStudioVersion = 10.0.40219.1
Project("{FAE04EC0-301F-11D3-BF4B-00C04F79EFBC}") = "SwitchCase", "SwitchCase\SwitchCase.csproj", "{682FC0CC-CE42-4540-9B30-03ADC72E7E6F}"
EndProject
Global
	GlobalSection(SolutionConfigurationPlatforms) = preSolution
		Debug|Any CPU = Debug|Any CPU
		Release|Any CPU = Release|Any CPU
	EndGlobalSection
	GlobalSection(ProjectConfigurationPlatforms) = postSolution
		{682FC0CC-CE42-4540-9B30-03ADC72E7E6F}.Debug|Any CPU.ActiveCfg = Debug|Any CPU
		{682FC0CC-CE42-4540-9B30-03ADC72E7E6F}.Debug|Any CPU.Build.0 = Debug|Any CPU
		{682FC0CC-CE42-4540-9B30-03ADC72E7E6F}.Release|Any CPU.ActiveCfg = Release|Any CPU
		{682FC0CC-CE42-4540-9B30-03ADC72E7E6F}.Release|Any CPU.Build.0 = Release|Any CPU
	EndGlobalSection
	GlobalSection(SolutionProperties) = preSolution
		HideSolutionNode = FALSE
	EndGlobalSection
	GlobalSection(ExtensibilityGlobals) = postSolution
		SolutionGuid = {D68B38A3-2BA9-422B-9C8C-FC4A998CBD0F}
	EndGlobalSection
EndGlobal
