
Microsoft Visual Studio Solution File, Format Version 12.00
# Visual Studio Version 17
VisualStudioVersion = 17.1.32228.430
MinimumVisualStudioVersion = 10.0.40219.1
Project("{FAE04EC0-301F-11D3-BF4B-00C04F79EFBC}") = "Ex005", "Ex005\Ex005.csproj", "{AF4213E1-276A-4209-A05F-7153FD1F20BE}"
EndProject
Global
	GlobalSection(SolutionConfigurationPlatforms) = preSolution
		Debug|Any CPU = Debug|Any CPU
		Release|Any CPU = Release|Any CPU
	EndGlobalSection
	GlobalSection(ProjectConfigurationPlatforms) = postSolution
		{AF4213E1-276A-4209-A05F-7153FD1F20BE}.Debug|Any CPU.ActiveCfg = Debug|Any CPU
		{AF4213E1-276A-4209-A05F-7153FD1F20BE}.Debug|Any CPU.Build.0 = Debug|Any CPU
		{AF4213E1-276A-4209-A05F-7153FD1F20BE}.Release|Any CPU.ActiveCfg = Release|Any CPU
		{AF4213E1-276A-4209-A05F-7153FD1F20BE}.Release|Any CPU.Build.0 = Release|Any CPU
	EndGlobalSection
	GlobalSection(SolutionProperties) = preSolution
		HideSolutionNode = FALSE
	EndGlobalSection
	GlobalSection(ExtensibilityGlobals) = postSolution
		SolutionGuid = {2D0A7107-0CD7-4BE6-A0E0-EBFD31167A01}
	EndGlobalSection
EndGlobal
