
Microsoft Visual Studio Solution File, Format Version 12.00
# Visual Studio Version 17
VisualStudioVersion = 17.1.32319.34
MinimumVisualStudioVersion = 10.0.40219.1
Project("{FAE04EC0-301F-11D3-BF4B-00C04F79EFBC}") = "Bitwise", "Bitwise\Bitwise.csproj", "{A2A7971B-4FDE-433E-AC50-88A56645BBA5}"
EndProject
Global
	GlobalSection(SolutionConfigurationPlatforms) = preSolution
		Debug|Any CPU = Debug|Any CPU
		Release|Any CPU = Release|Any CPU
	EndGlobalSection
	GlobalSection(ProjectConfigurationPlatforms) = postSolution
		{A2A7971B-4FDE-433E-AC50-88A56645BBA5}.Debug|Any CPU.ActiveCfg = Debug|Any CPU
		{A2A7971B-4FDE-433E-AC50-88A56645BBA5}.Debug|Any CPU.Build.0 = Debug|Any CPU
		{A2A7971B-4FDE-433E-AC50-88A56645BBA5}.Release|Any CPU.ActiveCfg = Release|Any CPU
		{A2A7971B-4FDE-433E-AC50-88A56645BBA5}.Release|Any CPU.Build.0 = Release|Any CPU
	EndGlobalSection
	GlobalSection(SolutionProperties) = preSolution
		HideSolutionNode = FALSE
	EndGlobalSection
	GlobalSection(ExtensibilityGlobals) = postSolution
		SolutionGuid = {D14B2615-5FD2-41AF-B8F9-626E10B6CE9E}
	EndGlobalSection
EndGlobal
