
Microsoft Visual Studio Solution File, Format Version 12.00
# Visual Studio Version 17
VisualStudioVersion = 17.1.32328.378
MinimumVisualStudioVersion = 10.0.40219.1
Project("{FAE04EC0-301F-11D3-BF4B-00C04F79EFBC}") = "File", "File\File.csproj", "{15FBE188-6B50-48BC-9252-750F72E53F10}"
EndProject
Global
	GlobalSection(SolutionConfigurationPlatforms) = preSolution
		Debug|Any CPU = Debug|Any CPU
		Release|Any CPU = Release|Any CPU
	EndGlobalSection
	GlobalSection(ProjectConfigurationPlatforms) = postSolution
		{15FBE188-6B50-48BC-9252-750F72E53F10}.Debug|Any CPU.ActiveCfg = Debug|Any CPU
		{15FBE188-6B50-48BC-9252-750F72E53F10}.Debug|Any CPU.Build.0 = Debug|Any CPU
		{15FBE188-6B50-48BC-9252-750F72E53F10}.Release|Any CPU.ActiveCfg = Release|Any CPU
		{15FBE188-6B50-48BC-9252-750F72E53F10}.Release|Any CPU.Build.0 = Release|Any CPU
	EndGlobalSection
	GlobalSection(SolutionProperties) = preSolution
		HideSolutionNode = FALSE
	EndGlobalSection
	GlobalSection(ExtensibilityGlobals) = postSolution
		SolutionGuid = {12544E3B-35DB-4142-8CF8-F2F71819502D}
	EndGlobalSection
EndGlobal
