
Microsoft Visual Studio Solution File, Format Version 12.00
# Visual Studio Version 17
VisualStudioVersion = 17.1.32228.430
MinimumVisualStudioVersion = 10.0.40219.1
Project("{FAE04EC0-301F-11D3-BF4B-00C04F79EFBC}") = "ExemploHelloWorld", "ExemploHelloWorld\ExemploHelloWorld.csproj", "{DBBFD051-69BB-4433-8869-3136BD2AFBBA}"
EndProject
Global
	GlobalSection(SolutionConfigurationPlatforms) = preSolution
		Debug|Any CPU = Debug|Any CPU
		Release|Any CPU = Release|Any CPU
	EndGlobalSection
	GlobalSection(ProjectConfigurationPlatforms) = postSolution
		{DBBFD051-69BB-4433-8869-3136BD2AFBBA}.Debug|Any CPU.ActiveCfg = Debug|Any CPU
		{DBBFD051-69BB-4433-8869-3136BD2AFBBA}.Debug|Any CPU.Build.0 = Debug|Any CPU
		{DBBFD051-69BB-4433-8869-3136BD2AFBBA}.Release|Any CPU.ActiveCfg = Release|Any CPU
		{DBBFD051-69BB-4433-8869-3136BD2AFBBA}.Release|Any CPU.Build.0 = Release|Any CPU
	EndGlobalSection
	GlobalSection(SolutionProperties) = preSolution
		HideSolutionNode = FALSE
	EndGlobalSection
	GlobalSection(ExtensibilityGlobals) = postSolution
		SolutionGuid = {F6433010-B061-465B-818D-3712BB2FD7FC}
	EndGlobalSection
EndGlobal
