
Microsoft Visual Studio Solution File, Format Version 12.00
# Visual Studio Version 17
VisualStudioVersion = 17.1.32328.378
MinimumVisualStudioVersion = 10.0.40219.1
Project("{FAE04EC0-301F-11D3-BF4B-00C04F79EFBC}") = "Interface", "Interface\Interface.csproj", "{0E831DA2-140F-4C58-BAF8-63B611978054}"
EndProject
Global
	GlobalSection(SolutionConfigurationPlatforms) = preSolution
		Debug|Any CPU = Debug|Any CPU
		Release|Any CPU = Release|Any CPU
	EndGlobalSection
	GlobalSection(ProjectConfigurationPlatforms) = postSolution
		{0E831DA2-140F-4C58-BAF8-63B611978054}.Debug|Any CPU.ActiveCfg = Debug|Any CPU
		{0E831DA2-140F-4C58-BAF8-63B611978054}.Debug|Any CPU.Build.0 = Debug|Any CPU
		{0E831DA2-140F-4C58-BAF8-63B611978054}.Release|Any CPU.ActiveCfg = Release|Any CPU
		{0E831DA2-140F-4C58-BAF8-63B611978054}.Release|Any CPU.Build.0 = Release|Any CPU
	EndGlobalSection
	GlobalSection(SolutionProperties) = preSolution
		HideSolutionNode = FALSE
	EndGlobalSection
	GlobalSection(ExtensibilityGlobals) = postSolution
		SolutionGuid = {B540F773-8BDC-4878-A840-E239E9559351}
	EndGlobalSection
EndGlobal
