
Microsoft Visual Studio Solution File, Format Version 12.00
# Visual Studio Version 17
VisualStudioVersion = 17.1.32228.430
MinimumVisualStudioVersion = 10.0.40219.1
Project("{FAE04EC0-301F-11D3-BF4B-00C04F79EFBC}") = "Ex015", "Ex015\Ex015.csproj", "{AFB311B0-CFAA-4EE6-A26F-6EAB89A2447D}"
EndProject
Global
	GlobalSection(SolutionConfigurationPlatforms) = preSolution
		Debug|Any CPU = Debug|Any CPU
		Release|Any CPU = Release|Any CPU
	EndGlobalSection
	GlobalSection(ProjectConfigurationPlatforms) = postSolution
		{AFB311B0-CFAA-4EE6-A26F-6EAB89A2447D}.Debug|Any CPU.ActiveCfg = Debug|Any CPU
		{AFB311B0-CFAA-4EE6-A26F-6EAB89A2447D}.Debug|Any CPU.Build.0 = Debug|Any CPU
		{AFB311B0-CFAA-4EE6-A26F-6EAB89A2447D}.Release|Any CPU.ActiveCfg = Release|Any CPU
		{AFB311B0-CFAA-4EE6-A26F-6EAB89A2447D}.Release|Any CPU.Build.0 = Release|Any CPU
	EndGlobalSection
	GlobalSection(SolutionProperties) = preSolution
		HideSolutionNode = FALSE
	EndGlobalSection
	GlobalSection(ExtensibilityGlobals) = postSolution
		SolutionGuid = {8873F8CA-24C2-4345-A559-1B9A55750F5C}
	EndGlobalSection
EndGlobal
