
Microsoft Visual Studio Solution File, Format Version 12.00
# Visual Studio Version 17
VisualStudioVersion = 17.1.32328.378
MinimumVisualStudioVersion = 10.0.40219.1
Project("{FAE04EC0-301F-11D3-BF4B-00C04F79EFBC}") = "Comparison", "Comparison\Comparison.csproj", "{6C1FA0D8-4F61-4E2C-8403-817D0B02E5FF}"
EndProject
Global
	GlobalSection(SolutionConfigurationPlatforms) = preSolution
		Debug|Any CPU = Debug|Any CPU
		Release|Any CPU = Release|Any CPU
	EndGlobalSection
	GlobalSection(ProjectConfigurationPlatforms) = postSolution
		{6C1FA0D8-4F61-4E2C-8403-817D0B02E5FF}.Debug|Any CPU.ActiveCfg = Debug|Any CPU
		{6C1FA0D8-4F61-4E2C-8403-817D0B02E5FF}.Debug|Any CPU.Build.0 = Debug|Any CPU
		{6C1FA0D8-4F61-4E2C-8403-817D0B02E5FF}.Release|Any CPU.ActiveCfg = Release|Any CPU
		{6C1FA0D8-4F61-4E2C-8403-817D0B02E5FF}.Release|Any CPU.Build.0 = Release|Any CPU
	EndGlobalSection
	GlobalSection(SolutionProperties) = preSolution
		HideSolutionNode = FALSE
	EndGlobalSection
	GlobalSection(ExtensibilityGlobals) = postSolution
		SolutionGuid = {B880A6C8-59BF-41F4-B204-26ED88A08D68}
	EndGlobalSection
EndGlobal
